
Microsoft Visual Studio Solution File, Format Version 12.00
# Visual Studio Version 16
VisualStudioVersion = 16.0.29806.167
MinimumVisualStudioVersion = 10.0.40219.1
Project("{FAE04EC0-301F-11D3-BF4B-00C04F79EFBC}") = "DM.DataValidator", "DM.DataValidator\DM.DataValidator.csproj", "{DD65DA92-8B42-46F3-B2F8-A7A5F114750B}"
EndProject
Project("{FAE04EC0-301F-11D3-BF4B-00C04F79EFBC}") = "DM.DataValidator.Common", "DM.DataValidator.Common\DM.DataValidator.Common.csproj", "{0B493F64-2C72-40A4-A4B6-0DE80AFA5468}"
EndProject
Global
	GlobalSection(SolutionConfigurationPlatforms) = preSolution
		Debug|Any CPU = Debug|Any CPU
		Release|Any CPU = Release|Any CPU
	EndGlobalSection
	GlobalSection(ProjectConfigurationPlatforms) = postSolution
		{DD65DA92-8B42-46F3-B2F8-A7A5F114750B}.Debug|Any CPU.ActiveCfg = Debug|Any CPU
		{DD65DA92-8B42-46F3-B2F8-A7A5F114750B}.Debug|Any CPU.Build.0 = Debug|Any CPU
		{DD65DA92-8B42-46F3-B2F8-A7A5F114750B}.Release|Any CPU.ActiveCfg = Release|Any CPU
		{DD65DA92-8B42-46F3-B2F8-A7A5F114750B}.Release|Any CPU.Build.0 = Release|Any CPU
		{0B493F64-2C72-40A4-A4B6-0DE80AFA5468}.Debug|Any CPU.ActiveCfg = Debug|Any CPU
		{0B493F64-2C72-40A4-A4B6-0DE80AFA5468}.Debug|Any CPU.Build.0 = Debug|Any CPU
		{0B493F64-2C72-40A4-A4B6-0DE80AFA5468}.Release|Any CPU.ActiveCfg = Release|Any CPU
		{0B493F64-2C72-40A4-A4B6-0DE80AFA5468}.Release|Any CPU.Build.0 = Release|Any CPU
	EndGlobalSection
	GlobalSection(SolutionProperties) = preSolution
		HideSolutionNode = FALSE
	EndGlobalSection
	GlobalSection(ExtensibilityGlobals) = postSolution
		SolutionGuid = {9235F461-AFF6-4DA0-9B43-AA00D64DACB7}
	EndGlobalSection
EndGlobal
